
Microsoft Visual Studio Solution File, Format Version 12.00
# Visual Studio Version 16
VisualStudioVersion = 16.0.30704.19
MinimumVisualStudioVersion = 10.0.40219.1
Project("{FAE04EC0-301F-11D3-BF4B-00C04F79EFBC}") = "PackageFileReader", "PackageFileReader\PackageFileReader.csproj", "{057746ED-EB3D-477D-BAE4-4DB3145AE090}"
EndProject
Global
	GlobalSection(SolutionConfigurationPlatforms) = preSolution
		Debug|Any CPU = Debug|Any CPU
		Release|Any CPU = Release|Any CPU
	EndGlobalSection
	GlobalSection(ProjectConfigurationPlatforms) = postSolution
		{057746ED-EB3D-477D-BAE4-4DB3145AE090}.Debug|Any CPU.ActiveCfg = Debug|Any CPU
		{057746ED-EB3D-477D-BAE4-4DB3145AE090}.Debug|Any CPU.Build.0 = Debug|Any CPU
		{057746ED-EB3D-477D-BAE4-4DB3145AE090}.Release|Any CPU.ActiveCfg = Release|Any CPU
		{057746ED-EB3D-477D-BAE4-4DB3145AE090}.Release|Any CPU.Build.0 = Release|Any CPU
	EndGlobalSection
	GlobalSection(SolutionProperties) = preSolution
		HideSolutionNode = FALSE
	EndGlobalSection
	GlobalSection(ExtensibilityGlobals) = postSolution
		SolutionGuid = {4FD9A5C9-CF96-4686-B312-33F9519B70AF}
	EndGlobalSection
EndGlobal
